
Microsoft Visual Studio Solution File, Format Version 12.00
# Visual Studio Version 17
VisualStudioVersion = 17.3.32901.215
MinimumVisualStudioVersion = 10.0.40219.1
Project("{FAE04EC0-301F-11D3-BF4B-00C04F79EFBC}") = "Work811", "Work811\Work811.csproj", "{0E4C5333-6F09-41B1-948F-E9FF339BD588}"
EndProject
Global
	GlobalSection(SolutionConfigurationPlatforms) = preSolution
		Debug|Any CPU = Debug|Any CPU
		Release|Any CPU = Release|Any CPU
	EndGlobalSection
	GlobalSection(ProjectConfigurationPlatforms) = postSolution
		{0E4C5333-6F09-41B1-948F-E9FF339BD588}.Debug|Any CPU.ActiveCfg = Debug|Any CPU
		{0E4C5333-6F09-41B1-948F-E9FF339BD588}.Debug|Any CPU.Build.0 = Debug|Any CPU
		{0E4C5333-6F09-41B1-948F-E9FF339BD588}.Release|Any CPU.ActiveCfg = Release|Any CPU
		{0E4C5333-6F09-41B1-948F-E9FF339BD588}.Release|Any CPU.Build.0 = Release|Any CPU
	EndGlobalSection
	GlobalSection(SolutionProperties) = preSolution
		HideSolutionNode = FALSE
	EndGlobalSection
	GlobalSection(ExtensibilityGlobals) = postSolution
		SolutionGuid = {D1B6BCFD-58D6-4659-9B9C-E20CB459B86D}
	EndGlobalSection
EndGlobal
